// !$*UTF8*$!
{
	archiveVersion = 1;
	classes = {
	};
	objectVersion = 77;
	objects = {

/* Begin PBXBuildFile section */
		9B296F742CECE99900F79681 /* PythonKit in Frameworks */ = {isa = PBXBuildFile; productRef = 9B296F732CECE99900F79681 /* PythonKit */; };
		9BA8B7802C8BA5DF00726D3F /* SleepThisApp.swift in Sources */ = {isa = PBXBuildFile; fileRef = 9BA8B7582C8BA5DF00726D3F /* SleepThisApp.swift */; };
/* End PBXBuildFile section */

/* Begin PBXContainerItemProxy section */
		9B4B88362C753A2A0026E11B /* PBXContainerItemProxy */ = {
			isa = PBXContainerItemProxy;
			containerPortal = 9B4B881D2C753A290026E11B /* Project object */;
			proxyType = 1;
			remoteGlobalIDString = 9B4B88242C753A290026E11B;
			remoteInfo = SleepThis;
		};
		9B4B88402C753A2A0026E11B /* PBXContainerItemProxy */ = {
			isa = PBXContainerItemProxy;
			containerPortal = 9B4B881D2C753A290026E11B /* Project object */;
			proxyType = 1;
			remoteGlobalIDString = 9B4B88242C753A290026E11B;
			remoteInfo = SleepThis;
		};
/* End PBXContainerItemProxy section */

/* Begin PBXFileReference section */
		9B4B88252C753A290026E11B /* SleepThis.app */ = {isa = PBXFileReference; explicitFileType = wrapper.application; includeInIndex = 0; path = SleepThis.app; sourceTree = BUILT_PRODUCTS_DIR; };
		9B4B88352C753A2A0026E11B /* SleepThisTests.xctest */ = {isa = PBXFileReference; explicitFileType = wrapper.cfbundle; includeInIndex = 0; path = SleepThisTests.xctest; sourceTree = BUILT_PRODUCTS_DIR; };
		9B4B883F2C753A2A0026E11B /* SleepThisUITests.xctest */ = {isa = PBXFileReference; explicitFileType = wrapper.cfbundle; includeInIndex = 0; path = SleepThisUITests.xctest; sourceTree = BUILT_PRODUCTS_DIR; };
		9BA8B7582C8BA5DF00726D3F /* SleepThisApp.swift */ = {isa = PBXFileReference; lastKnownFileType = sourcecode.swift; path = SleepThisApp.swift; sourceTree = "<group>"; };
/* End PBXFileReference section */

/* Begin PBXFileSystemSynchronizedBuildFileExceptionSet section */
		9B3E43742C7E825F00412D68 /* Exceptions for "SleepThis" folder in "SleepThis" target */ = {
			isa = PBXFileSystemSynchronizedBuildFileExceptionSet;
			membershipExceptions = (
				Info.plist,
			);
			target = 9B4B88242C753A290026E11B /* SleepThis */;
		};
/* End PBXFileSystemSynchronizedBuildFileExceptionSet section */

/* Begin PBXFileSystemSynchronizedRootGroup section */
		9B4B88272C753A290026E11B /* SleepThis */ = {
			isa = PBXFileSystemSynchronizedRootGroup;
			exceptions = (
				9B3E43742C7E825F00412D68 /* Exceptions for "SleepThis" folder in "SleepThis" target */,
			);
			path = SleepThis;
			sourceTree = "<group>";
		};
		9B4B88382C753A2A0026E11B /* SleepThisTests */ = {
			isa = PBXFileSystemSynchronizedRootGroup;
			path = SleepThisTests;
			sourceTree = "<group>";
		};
		9B4B88422C753A2A0026E11B /* SleepThisUITests */ = {
			isa = PBXFileSystemSynchronizedRootGroup;
			path = SleepThisUITests;
			sourceTree = "<group>";
		};
/* End PBXFileSystemSynchronizedRootGroup section */

/* Begin PBXFrameworksBuildPhase section */
		9B4B88222C753A290026E11B /* Frameworks */ = {
			isa = PBXFrameworksBuildPhase;
			buildActionMask = 2147483647;
			files = (
				9B296F742CECE99900F79681 /* PythonKit in Frameworks */,
			);
			runOnlyForDeploymentPostprocessing = 0;
		};
		9B4B88322C753A2A0026E11B /* Frameworks */ = {
			isa = PBXFrameworksBuildPhase;
			buildActionMask = 2147483647;
			files = (
			);
			runOnlyForDeploymentPostprocessing = 0;
		};
		9B4B883C2C753A2A0026E11B /* Frameworks */ = {
			isa = PBXFrameworksBuildPhase;
			buildActionMask = 2147483647;
			files = (
			);
			runOnlyForDeploymentPostprocessing = 0;
		};
/* End PBXFrameworksBuildPhase section */

/* Begin PBXGroup section */
		9B4B881C2C753A290026E11B = {
			isa = PBXGroup;
			children = (
				9BA8B7582C8BA5DF00726D3F /* SleepThisApp.swift */,
				9B4B88262C753A290026E11B /* Products */,
				9B4B88272C753A290026E11B /* SleepThis */,
				9B4B88382C753A2A0026E11B /* SleepThisTests */,
				9B4B88422C753A2A0026E11B /* SleepThisUITests */,
			);
			sourceTree = "<group>";
		};
		9B4B88262C753A290026E11B /* Products */ = {
			isa = PBXGroup;
			children = (
				9B4B88252C753A290026E11B /* SleepThis.app */,
				9B4B88352C753A2A0026E11B /* SleepThisTests.xctest */,
				9B4B883F2C753A2A0026E11B /* SleepThisUITests.xctest */,
			);
			name = Products;
			sourceTree = "<group>";
		};
/* End PBXGroup section */

/* Begin PBXNativeTarget section */
		9B4B88242C753A290026E11B /* SleepThis */ = {
			isa = PBXNativeTarget;
			buildConfigurationList = 9B4B88492C753A2A0026E11B /* Build configuration list for PBXNativeTarget "SleepThis" */;
			buildPhases = (
				9B4B88212C753A290026E11B /* Sources */,
				9B4B88222C753A290026E11B /* Frameworks */,
				9B4B88232C753A290026E11B /* Resources */,
			);
			buildRules = (
			);
			dependencies = (
			);
			fileSystemSynchronizedGroups = (
				9B4B88272C753A290026E11B /* SleepThis */,
			);
			name = SleepThis;
			packageProductDependencies = (
				9B296F732CECE99900F79681 /* PythonKit */,
			);
			productName = SleepThis;
			productReference = 9B4B88252C753A290026E11B /* SleepThis.app */;
			productType = "com.apple.product-type.application";
		};
		9B4B88342C753A2A0026E11B /* SleepThisTests */ = {
			isa = PBXNativeTarget;
			buildConfigurationList = 9B4B884C2C753A2A0026E11B /* Build configuration list for PBXNativeTarget "SleepThisTests" */;
			buildPhases = (
				9B4B88312C753A2A0026E11B /* Sources */,
				9B4B88322C753A2A0026E11B /* Frameworks */,
				9B4B88332C753A2A0026E11B /* Resources */,
			);
			buildRules = (
			);
			dependencies = (
				9B4B88372C753A2A0026E11B /* PBXTargetDependency */,
			);
			fileSystemSynchronizedGroups = (
				9B4B88382C753A2A0026E11B /* SleepThisTests */,
			);
			name = SleepThisTests;
			packageProductDependencies = (
			);
			productName = SleepThisTests;
			productReference = 9B4B88352C753A2A0026E11B /* SleepThisTests.xctest */;
			productType = "com.apple.product-type.bundle.unit-test";
		};
		9B4B883E2C753A2A0026E11B /* SleepThisUITests */ = {
			isa = PBXNativeTarget;
			buildConfigurationList = 9B4B884F2C753A2A0026E11B /* Build configuration list for PBXNativeTarget "SleepThisUITests" */;
			buildPhases = (
				9B4B883B2C753A2A0026E11B /* Sources */,
				9B4B883C2C753A2A0026E11B /* Frameworks */,
				9B4B883D2C753A2A0026E11B /* Resources */,
			);
			buildRules = (
			);
			dependencies = (
				9B4B88412C753A2A0026E11B /* PBXTargetDependency */,
			);
			fileSystemSynchronizedGroups = (
				9B4B88422C753A2A0026E11B /* SleepThisUITests */,
			);
			name = SleepThisUITests;
			packageProductDependencies = (
			);
			productName = SleepThisUITests;
			productReference = 9B4B883F2C753A2A0026E11B /* SleepThisUITests.xctest */;
			productType = "com.apple.product-type.bundle.ui-testing";
		};
/* End PBXNativeTarget section */

/* Begin PBXProject section */
		9B4B881D2C753A290026E11B /* Project object */ = {
			isa = PBXProject;
			attributes = {
				BuildIndependentTargetsInParallel = 1;
				LastSwiftUpdateCheck = 1610;
				LastUpgradeCheck = 1610;
				TargetAttributes = {
					9B4B88242C753A290026E11B = {
						CreatedOnToolsVersion = 16.1;
					};
					9B4B88342C753A2A0026E11B = {
						CreatedOnToolsVersion = 16.1;
						TestTargetID = 9B4B88242C753A290026E11B;
					};
					9B4B883E2C753A2A0026E11B = {
						CreatedOnToolsVersion = 16.1;
						TestTargetID = 9B4B88242C753A290026E11B;
					};
				};
			};
			buildConfigurationList = 9B4B88202C753A290026E11B /* Build configuration list for PBXProject "SleepThis" */;
			developmentRegion = en;
			hasScannedForEncodings = 0;
			knownRegions = (
				en,
				Base,
			);
			mainGroup = 9B4B881C2C753A290026E11B;
			minimizedProjectReferenceProxies = 1;
			packageReferences = (
				9B296F722CECE99900F79681 /* XCLocalSwiftPackageReference "PythonKit-master" */,
			);
			preferredProjectObjectVersion = 77;
			productRefGroup = 9B4B88262C753A290026E11B /* Products */;
			projectDirPath = "";
			projectRoot = "";
			targets = (
				9B4B88242C753A290026E11B /* SleepThis */,
				9B4B88342C753A2A0026E11B /* SleepThisTests */,
				9B4B883E2C753A2A0026E11B /* SleepThisUITests */,
			);
		};
/* End PBXProject section */

/* Begin PBXResourcesBuildPhase section */
		9B4B88232C753A290026E11B /* Resources */ = {
			isa = PBXResourcesBuildPhase;
			buildActionMask = 2147483647;
			files = (
			);
			runOnlyForDeploymentPostprocessing = 0;
		};
		9B4B88332C753A2A0026E11B /* Resources */ = {
			isa = PBXResourcesBuildPhase;
			buildActionMask = 2147483647;
			files = (
			);
			runOnlyForDeploymentPostprocessing = 0;
		};
		9B4B883D2C753A2A0026E11B /* Resources */ = {
			isa = PBXResourcesBuildPhase;
			buildActionMask = 2147483647;
			files = (
			);
			runOnlyForDeploymentPostprocessing = 0;
		};
/* End PBXResourcesBuildPhase section */

/* Begin PBXSourcesBuildPhase section */
		9B4B88212C753A290026E11B /* Sources */ = {
			isa = PBXSourcesBuildPhase;
			buildActionMask = 2147483647;
			files = (
				9BA8B7802C8BA5DF00726D3F /* SleepThisApp.swift in Sources */,
			);
			runOnlyForDeploymentPostprocessing = 0;
		};
		9B4B88312C753A2A0026E11B /* Sources */ = {
			isa = PBXSourcesBuildPhase;
			buildActionMask = 2147483647;
			files = (
			);
			runOnlyForDeploymentPostprocessing = 0;
		};
		9B4B883B2C753A2A0026E11B /* Sources */ = {
			isa = PBXSourcesBuildPhase;
			buildActionMask = 2147483647;
			files = (
			);
			runOnlyForDeploymentPostprocessing = 0;
		};
/* End PBXSourcesBuildPhase section */

/* Begin PBXTargetDependency section */
		9B4B88372C753A2A0026E11B /* PBXTargetDependency */ = {
			isa = PBXTargetDependency;
			target = 9B4B88242C753A290026E11B /* SleepThis */;
			targetProxy = 9B4B88362C753A2A0026E11B /* PBXContainerItemProxy */;
		};
		9B4B88412C753A2A0026E11B /* PBXTargetDependency */ = {
			isa = PBXTargetDependency;
			target = 9B4B88242C753A290026E11B /* SleepThis */;
			targetProxy = 9B4B88402C753A2A0026E11B /* PBXContainerItemProxy */;
		};
/* End PBXTargetDependency section */

/* Begin XCBuildConfiguration section */
		9B4B88472C753A2A0026E11B /* Debug */ = {
			isa = XCBuildConfiguration;
			buildSettings = {
				ALWAYS_SEARCH_USER_PATHS = NO;
				ASSETCATALOG_COMPILER_GENERATE_SWIFT_ASSET_SYMBOL_EXTENSIONS = YES;
				CLANG_ANALYZER_NONNULL = YES;
				CLANG_ANALYZER_NUMBER_OBJECT_CONVERSION = YES_AGGRESSIVE;
				CLANG_CXX_LANGUAGE_STANDARD = "gnu++20";
				CLANG_ENABLE_MODULES = YES;
				CLANG_ENABLE_OBJC_ARC = YES;
				CLANG_ENABLE_OBJC_WEAK = YES;
				CLANG_WARN_BLOCK_CAPTURE_AUTORELEASING = YES;
				CLANG_WARN_BOOL_CONVERSION = YES;
				CLANG_WARN_COMMA = YES;
				CLANG_WARN_CONSTANT_CONVERSION = YES;
				CLANG_WARN_DEPRECATED_OBJC_IMPLEMENTATIONS = YES;
				CLANG_WARN_DIRECT_OBJC_ISA_USAGE = YES_ERROR;
				CLANG_WARN_DOCUMENTATION_COMMENTS = YES;
				CLANG_WARN_EMPTY_BODY = YES;
				CLANG_WARN_ENUM_CONVERSION = YES;
				CLANG_WARN_INFINITE_RECURSION = YES;
				CLANG_WARN_INT_CONVERSION = YES;
				CLANG_WARN_NON_LITERAL_NULL_CONVERSION = YES;
				CLANG_WARN_OBJC_IMPLICIT_RETAIN_SELF = YES;
				CLANG_WARN_OBJC_LITERAL_CONVERSION = YES;
				CLANG_WARN_OBJC_ROOT_CLASS = YES_ERROR;
				CLANG_WARN_QUOTED_INCLUDE_IN_FRAMEWORK_HEADER = YES;
				CLANG_WARN_RANGE_LOOP_ANALYSIS = YES;
				CLANG_WARN_STRICT_PROTOTYPES = YES;
				CLANG_WARN_SUSPICIOUS_MOVE = YES;
				CLANG_WARN_UNGUARDED_AVAILABILITY = YES_AGGRESSIVE;
				CLANG_WARN_UNREACHABLE_CODE = YES;
				CLANG_WARN__DUPLICATE_METHOD_MATCH = YES;
				COPY_PHASE_STRIP = NO;
				DEBUG_INFORMATION_FORMAT = dwarf;
				ENABLE_STRICT_OBJC_MSGSEND = YES;
				ENABLE_TESTABILITY = YES;
				ENABLE_USER_SCRIPT_SANDBOXING = YES;
				GCC_C_LANGUAGE_STANDARD = gnu17;
				GCC_DYNAMIC_NO_PIC = NO;
				GCC_NO_COMMON_BLOCKS = YES;
				GCC_OPTIMIZATION_LEVEL = 0;
				GCC_PREPROCESSOR_DEFINITIONS = (
					"DEBUG=1",
					"$(inherited)",
				);
				GCC_WARN_64_TO_32_BIT_CONVERSION = YES;
				GCC_WARN_ABOUT_RETURN_TYPE = YES_ERROR;
				GCC_WARN_UNDECLARED_SELECTOR = YES;
				GCC_WARN_UNINITIALIZED_AUTOS = YES_AGGRESSIVE;
				GCC_WARN_UNUSED_FUNCTION = YES;
				GCC_WARN_UNUSED_VARIABLE = YES;
				IPHONEOS_DEPLOYMENT_TARGET = 18.0;
				LOCALIZATION_PREFERS_STRING_CATALOGS = YES;
				MTL_ENABLE_DEBUG_INFO = INCLUDE_SOURCE;
				MTL_FAST_MATH = YES;
				ONLY_ACTIVE_ARCH = YES;
				SDKROOT = iphoneos;
				SWIFT_ACTIVE_COMPILATION_CONDITIONS = "DEBUG $(inherited)";
				SWIFT_OPTIMIZATION_LEVEL = "-Onone";
			};
			name = Debug;
		};
		9B4B88482C753A2A0026E11B /* Release */ = {
			isa = XCBuildConfiguration;
			buildSettings = {
				ALWAYS_SEARCH_USER_PATHS = NO;
				ASSETCATALOG_COMPILER_GENERATE_SWIFT_ASSET_SYMBOL_EXTENSIONS = YES;
				CLANG_ANALYZER_NONNULL = YES;
				CLANG_ANALYZER_NUMBER_OBJECT_CONVERSION = YES_AGGRESSIVE;
				CLANG_CXX_LANGUAGE_STANDARD = "gnu++20";
				CLANG_ENABLE_MODULES = YES;
				CLANG_ENABLE_OBJC_ARC = YES;
				CLANG_ENABLE_OBJC_WEAK = YES;
				CLANG_WARN_BLOCK_CAPTURE_AUTORELEASING = YES;
				CLANG_WARN_BOOL_CONVERSION = YES;
				CLANG_WARN_COMMA = YES;
				CLANG_WARN_CONSTANT_CONVERSION = YES;
				CLANG_WARN_DEPRECATED_OBJC_IMPLEMENTATIONS = YES;
				CLANG_WARN_DIRECT_OBJC_ISA_USAGE = YES_ERROR;
				CLANG_WARN_DOCUMENTATION_COMMENTS = YES;
				CLANG_WARN_EMPTY_BODY = YES;
				CLANG_WARN_ENUM_CONVERSION = YES;
				CLANG_WARN_INFINITE_RECURSION = YES;
				CLANG_WARN_INT_CONVERSION = YES;
				CLANG_WARN_NON_LITERAL_NULL_CONVERSION = YES;
				CLANG_WARN_OBJC_IMPLICIT_RETAIN_SELF = YES;
				CLANG_WARN_OBJC_LITERAL_CONVERSION = YES;
				CLANG_WARN_OBJC_ROOT_CLASS = YES_ERROR;
				CLANG_WARN_QUOTED_INCLUDE_IN_FRAMEWORK_HEADER = YES;
				CLANG_WARN_RANGE_LOOP_ANALYSIS = YES;
				CLANG_WARN_STRICT_PROTOTYPES = YES;
				CLANG_WARN_SUSPICIOUS_MOVE = YES;
				CLANG_WARN_UNGUARDED_AVAILABILITY = YES_AGGRESSIVE;
				CLANG_WARN_UNREACHABLE_CODE = YES;
				CLANG_WARN__DUPLICATE_METHOD_MATCH = YES;
				COPY_PHASE_STRIP = NO;
				DEBUG_INFORMATION_FORMAT = "dwarf-with-dsym";
				ENABLE_NS_ASSERTIONS = NO;
				ENABLE_STRICT_OBJC_MSGSEND = YES;
				ENABLE_USER_SCRIPT_SANDBOXING = YES;
				GCC_C_LANGUAGE_STANDARD = gnu17;
				GCC_NO_COMMON_BLOCKS = YES;
				GCC_WARN_64_TO_32_BIT_CONVERSION = YES;
				GCC_WARN_ABOUT_RETURN_TYPE = YES_ERROR;
				GCC_WARN_UNDECLARED_SELECTOR = YES;
				GCC_WARN_UNINITIALIZED_AUTOS = YES_AGGRESSIVE;
				GCC_WARN_UNUSED_FUNCTION = YES;
				GCC_WARN_UNUSED_VARIABLE = YES;
				IPHONEOS_DEPLOYMENT_TARGET = 18.0;
				LOCALIZATION_PREFERS_STRING_CATALOGS = YES;
				MTL_ENABLE_DEBUG_INFO = NO;
				MTL_FAST_MATH = YES;
				SDKROOT = iphoneos;
				SWIFT_COMPILATION_MODE = wholemodule;
				VALIDATE_PRODUCT = YES;
			};
			name = Release;
		};
		9B4B884A2C753A2A0026E11B /* Debug */ = {
			isa = XCBuildConfiguration;
			buildSettings = {
				ASSETCATALOG_COMPILER_APPICON_NAME = AppIcon;
				ASSETCATALOG_COMPILER_GLOBAL_ACCENT_COLOR_NAME = AccentColor;
				CODE_SIGN_STYLE = Automatic;
				CURRENT_PROJECT_VERSION = 1;
				DEVELOPMENT_ASSET_PATHS = "\"SleepThis/Preview Content\"";
				DEVELOPMENT_TEAM = KP3ZH5K2SY;
				ENABLE_PREVIEWS = YES;
				GENERATE_INFOPLIST_FILE = YES;
				INFOPLIST_FILE = SleepThis/Info.plist;
				INFOPLIST_KEY_UIApplicationSceneManifest_Generation = YES;
				INFOPLIST_KEY_UIApplicationSupportsIndirectInputEvents = YES;
				INFOPLIST_KEY_UILaunchScreen_Generation = YES;
				INFOPLIST_KEY_UISupportedInterfaceOrientations_iPad = "UIInterfaceOrientationPortrait UIInterfaceOrientationPortraitUpsideDown UIInterfaceOrientationLandscapeLeft UIInterfaceOrientationLandscapeRight";
				INFOPLIST_KEY_UISupportedInterfaceOrientations_iPhone = "UIInterfaceOrientationPortrait UIInterfaceOrientationLandscapeLeft UIInterfaceOrientationLandscapeRight";
				IPHONEOS_DEPLOYMENT_TARGET = 18.0;
				LD_RUNPATH_SEARCH_PATHS = (
					"$(inherited)",
					"@executable_path/Frameworks",
				);
				MARKETING_VERSION = 3.15;
				PRODUCT_BUNDLE_IDENTIFIER = com.grantperry.SleepThis;
				PRODUCT_NAME = "$(TARGET_NAME)";
				SWIFT_EMIT_LOC_STRINGS = YES;
				SWIFT_VERSION = 5.0;
				TARGETED_DEVICE_FAMILY = "1,2";
			};
			name = Debug;
		};
		9B4B884B2C753A2A0026E11B /* Release */ = {
			isa = XCBuildConfiguration;
			buildSettings = {
				ASSETCATALOG_COMPILER_APPICON_NAME = AppIcon;
				ASSETCATALOG_COMPILER_GLOBAL_ACCENT_COLOR_NAME = AccentColor;
				CODE_SIGN_STYLE = Automatic;
				CURRENT_PROJECT_VERSION = 1;
				DEVELOPMENT_ASSET_PATHS = "\"SleepThis/Preview Content\"";
				DEVELOPMENT_TEAM = KP3ZH5K2SY;
				ENABLE_PREVIEWS = YES;
				GENERATE_INFOPLIST_FILE = YES;
				INFOPLIST_FILE = SleepThis/Info.plist;
				INFOPLIST_KEY_UIApplicationSceneManifest_Generation = YES;
				INFOPLIST_KEY_UIApplicationSupportsIndirectInputEvents = YES;
				INFOPLIST_KEY_UILaunchScreen_Generation = YES;
				INFOPLIST_KEY_UISupportedInterfaceOrientations_iPad = "UIInterfaceOrientationPortrait UIInterfaceOrientationPortraitUpsideDown UIInterfaceOrientationLandscapeLeft UIInterfaceOrientationLandscapeRight";
				INFOPLIST_KEY_UISupportedInterfaceOrientations_iPhone = "UIInterfaceOrientationPortrait UIInterfaceOrientationLandscapeLeft UIInterfaceOrientationLandscapeRight";
				IPHONEOS_DEPLOYMENT_TARGET = 18.0;
				LD_RUNPATH_SEARCH_PATHS = (
					"$(inherited)",
					"@executable_path/Frameworks",
				);
				MARKETING_VERSION = 3.15;
				PRODUCT_BUNDLE_IDENTIFIER = com.grantperry.SleepThis;
				PRODUCT_NAME = "$(TARGET_NAME)";
				SWIFT_EMIT_LOC_STRINGS = YES;
				SWIFT_VERSION = 5.0;
				TARGETED_DEVICE_FAMILY = "1,2";
			};
			name = Release;
		};
		9B4B884D2C753A2A0026E11B /* Debug */ = {
			isa = XCBuildConfiguration;
			buildSettings = {
				BUNDLE_LOADER = "$(TEST_HOST)";
				CODE_SIGN_STYLE = Automatic;
				CURRENT_PROJECT_VERSION = 1;
				DEVELOPMENT_TEAM = KP3ZH5K2SY;
				GENERATE_INFOPLIST_FILE = YES;
				IPHONEOS_DEPLOYMENT_TARGET = 18.1;
				MARKETING_VERSION = 1.0;
				PRODUCT_BUNDLE_IDENTIFIER = com.grantperry.SleepThisTests;
				PRODUCT_NAME = "$(TARGET_NAME)";
				SWIFT_EMIT_LOC_STRINGS = NO;
				SWIFT_VERSION = 5.0;
				TARGETED_DEVICE_FAMILY = "1,2";
				TEST_HOST = "$(BUILT_PRODUCTS_DIR)/SleepThis.app/$(BUNDLE_EXECUTABLE_FOLDER_PATH)/SleepThis";
			};
			name = Debug;
		};
		9B4B884E2C753A2A0026E11B /* Release */ = {
			isa = XCBuildConfiguration;
			buildSettings = {
				BUNDLE_LOADER = "$(TEST_HOST)";
				CODE_SIGN_STYLE = Automatic;
				CURRENT_PROJECT_VERSION = 1;
				DEVELOPMENT_TEAM = KP3ZH5K2SY;
				GENERATE_INFOPLIST_FILE = YES;
				IPHONEOS_DEPLOYMENT_TARGET = 18.1;
				MARKETING_VERSION = 1.0;
				PRODUCT_BUNDLE_IDENTIFIER = com.grantperry.SleepThisTests;
				PRODUCT_NAME = "$(TARGET_NAME)";
				SWIFT_EMIT_LOC_STRINGS = NO;
				SWIFT_VERSION = 5.0;
				TARGETED_DEVICE_FAMILY = "1,2";
				TEST_HOST = "$(BUILT_PRODUCTS_DIR)/SleepThis.app/$(BUNDLE_EXECUTABLE_FOLDER_PATH)/SleepThis";
			};
			name = Release;
		};
		9B4B88502C753A2A0026E11B /* Debug */ = {
			isa = XCBuildConfiguration;
			buildSettings = {
				CODE_SIGN_STYLE = Automatic;
				CURRENT_PROJECT_VERSION = 1;
				DEVELOPMENT_TEAM = KP3ZH5K2SY;
				GENERATE_INFOPLIST_FILE = YES;
				MARKETING_VERSION = 1.0;
				PRODUCT_BUNDLE_IDENTIFIER = com.grantperry.SleepThisUITests;
				PRODUCT_NAME = "$(TARGET_NAME)";
				SWIFT_EMIT_LOC_STRINGS = NO;
				SWIFT_VERSION = 5.0;
				TARGETED_DEVICE_FAMILY = "1,2";
				TEST_TARGET_NAME = SleepThis;
			};
			name = Debug;
		};
		9B4B88512C753A2A0026E11B /* Release */ = {
			isa = XCBuildConfiguration;
			buildSettings = {
				CODE_SIGN_STYLE = Automatic;
				CURRENT_PROJECT_VERSION = 1;
				DEVELOPMENT_TEAM = KP3ZH5K2SY;
				GENERATE_INFOPLIST_FILE = YES;
				MARKETING_VERSION = 1.0;
				PRODUCT_BUNDLE_IDENTIFIER = com.grantperry.SleepThisUITests;
				PRODUCT_NAME = "$(TARGET_NAME)";
				SWIFT_EMIT_LOC_STRINGS = NO;
				SWIFT_VERSION = 5.0;
				TARGETED_DEVICE_FAMILY = "1,2";
				TEST_TARGET_NAME = SleepThis;
			};
			name = Release;
		};
/* End XCBuildConfiguration section */

/* Begin XCConfigurationList section */
		9B4B88202C753A290026E11B /* Build configuration list for PBXProject "SleepThis" */ = {
			isa = XCConfigurationList;
			buildConfigurations = (
				9B4B88472C753A2A0026E11B /* Debug */,
				9B4B88482C753A2A0026E11B /* Release */,
			);
			defaultConfigurationIsVisible = 0;
			defaultConfigurationName = Release;
		};
		9B4B88492C753A2A0026E11B /* Build configuration list for PBXNativeTarget "SleepThis" */ = {
			isa = XCConfigurationList;
			buildConfigurations = (
				9B4B884A2C753A2A0026E11B /* Debug */,
				9B4B884B2C753A2A0026E11B /* Release */,
			);
			defaultConfigurationIsVisible = 0;
			defaultConfigurationName = Release;
		};
		9B4B884C2C753A2A0026E11B /* Build configuration list for PBXNativeTarget "SleepThisTests" */ = {
			isa = XCConfigurationList;
			buildConfigurations = (
				9B4B884D2C753A2A0026E11B /* Debug */,
				9B4B884E2C753A2A0026E11B /* Release */,
			);
			defaultConfigurationIsVisible = 0;
			defaultConfigurationName = Release;
		};
		9B4B884F2C753A2A0026E11B /* Build configuration list for PBXNativeTarget "SleepThisUITests" */ = {
			isa = XCConfigurationList;
			buildConfigurations = (
				9B4B88502C753A2A0026E11B /* Debug */,
				9B4B88512C753A2A0026E11B /* Release */,
			);
			defaultConfigurationIsVisible = 0;
			defaultConfigurationName = Release;
		};
/* End XCConfigurationList section */

/* Begin XCLocalSwiftPackageReference section */
		9B296F722CECE99900F79681 /* XCLocalSwiftPackageReference "PythonKit-master" */ = {
			isa = XCLocalSwiftPackageReference;
			relativePath = "PythonKit-master";
		};
/* End XCLocalSwiftPackageReference section */

/* Begin XCSwiftPackageProductDependency section */
		9B296F732CECE99900F79681 /* PythonKit */ = {
			isa = XCSwiftPackageProductDependency;
			productName = PythonKit;
		};
/* End XCSwiftPackageProductDependency section */
	};
	rootObject = 9B4B881D2C753A290026E11B /* Project object */;
}
